// !$*UTF8*$!
{
	archiveVersion = 1;
	classes = {
	};
	objectVersion = 77;
	objects = {

/* Begin PBXContainerItemProxy section */
		FB4A16482CBDB81B00CDDFD6 /* PBXContainerItemProxy */ = {
			isa = PBXContainerItemProxy;
			containerPortal = FB4A162F2CBDB81A00CDDFD6 /* Project object */;
			proxyType = 1;
			remoteGlobalIDString = FB4A16362CBDB81A00CDDFD6;
			remoteInfo = AR_test;
		};
		FB4A16522CBDB81B00CDDFD6 /* PBXContainerItemProxy */ = {
			isa = PBXContainerItemProxy;
			containerPortal = FB4A162F2CBDB81A00CDDFD6 /* Project object */;
			proxyType = 1;
			remoteGlobalIDString = FB4A16362CBDB81A00CDDFD6;
			remoteInfo = AR_test;
		};
/* End PBXContainerItemProxy section */

/* Begin PBXFileReference section */
		FB4A16372CBDB81A00CDDFD6 /* AR_test.app */ = {isa = PBXFileReference; explicitFileType = wrapper.application; includeInIndex = 0; path = AR_test.app; sourceTree = BUILT_PRODUCTS_DIR; };
		FB4A16472CBDB81B00CDDFD6 /* AR_testTests.xctest */ = {isa = PBXFileReference; explicitFileType = wrapper.cfbundle; includeInIndex = 0; path = AR_testTests.xctest; sourceTree = BUILT_PRODUCTS_DIR; };
		FB4A16512CBDB81B00CDDFD6 /* AR_testUITests.xctest */ = {isa = PBXFileReference; explicitFileType = wrapper.cfbundle; includeInIndex = 0; path = AR_testUITests.xctest; sourceTree = BUILT_PRODUCTS_DIR; };
/* End PBXFileReference section */

/* Begin PBXFileSystemSynchronizedRootGroup section */
		FB4A16392CBDB81A00CDDFD6 /* AR_test */ = {
			isa = PBXFileSystemSynchronizedRootGroup;
			path = AR_test;
			sourceTree = "<group>";
		};
		FB4A164A2CBDB81B00CDDFD6 /* AR_testTests */ = {
			isa = PBXFileSystemSynchronizedRootGroup;
			path = AR_testTests;
			sourceTree = "<group>";
		};
		FB4A16542CBDB81B00CDDFD6 /* AR_testUITests */ = {
			isa = PBXFileSystemSynchronizedRootGroup;
			path = AR_testUITests;
			sourceTree = "<group>";
		};
/* End PBXFileSystemSynchronizedRootGroup section */

/* Begin PBXFrameworksBuildPhase section */
		FB4A16342CBDB81A00CDDFD6 /* Frameworks */ = {
			isa = PBXFrameworksBuildPhase;
			buildActionMask = 2147483647;
			files = (
			);
			runOnlyForDeploymentPostprocessing = 0;
		};
		FB4A16442CBDB81B00CDDFD6 /* Frameworks */ = {
			isa = PBXFrameworksBuildPhase;
			buildActionMask = 2147483647;
			files = (
			);
			runOnlyForDeploymentPostprocessing = 0;
		};
		FB4A164E2CBDB81B00CDDFD6 /* Frameworks */ = {
			isa = PBXFrameworksBuildPhase;
			buildActionMask = 2147483647;
			files = (
			);
			runOnlyForDeploymentPostprocessing = 0;
		};
/* End PBXFrameworksBuildPhase section */

/* Begin PBXGroup section */
		FB4A162E2CBDB81A00CDDFD6 = {
			isa = PBXGroup;
			children = (
				FB4A16392CBDB81A00CDDFD6 /* AR_test */,
				FB4A164A2CBDB81B00CDDFD6 /* AR_testTests */,
				FB4A16542CBDB81B00CDDFD6 /* AR_testUITests */,
				FB4A16382CBDB81A00CDDFD6 /* Products */,
			);
			sourceTree = "<group>";
		};
		FB4A16382CBDB81A00CDDFD6 /* Products */ = {
			isa = PBXGroup;
			children = (
				FB4A16372CBDB81A00CDDFD6 /* AR_test.app */,
				FB4A16472CBDB81B00CDDFD6 /* AR_testTests.xctest */,
				FB4A16512CBDB81B00CDDFD6 /* AR_testUITests.xctest */,
			);
			name = Products;
			sourceTree = "<group>";
		};
/* End PBXGroup section */

/* Begin PBXNativeTarget section */
		FB4A16362CBDB81A00CDDFD6 /* AR_test */ = {
			isa = PBXNativeTarget;
			buildConfigurationList = FB4A165B2CBDB81B00CDDFD6 /* Build configuration list for PBXNativeTarget "AR_test" */;
			buildPhases = (
				FB4A16332CBDB81A00CDDFD6 /* Sources */,
				FB4A16342CBDB81A00CDDFD6 /* Frameworks */,
				FB4A16352CBDB81A00CDDFD6 /* Resources */,
			);
			buildRules = (
			);
			dependencies = (
			);
			fileSystemSynchronizedGroups = (
				FB4A16392CBDB81A00CDDFD6 /* AR_test */,
			);
			name = AR_test;
			packageProductDependencies = (
			);
			productName = AR_test;
			productReference = FB4A16372CBDB81A00CDDFD6 /* AR_test.app */;
			productType = "com.apple.product-type.application";
		};
		FB4A16462CBDB81B00CDDFD6 /* AR_testTests */ = {
			isa = PBXNativeTarget;
			buildConfigurationList = FB4A165E2CBDB81B00CDDFD6 /* Build configuration list for PBXNativeTarget "AR_testTests" */;
			buildPhases = (
				FB4A16432CBDB81B00CDDFD6 /* Sources */,
				FB4A16442CBDB81B00CDDFD6 /* Frameworks */,
				FB4A16452CBDB81B00CDDFD6 /* Resources */,
			);
			buildRules = (
			);
			dependencies = (
				FB4A16492CBDB81B00CDDFD6 /* PBXTargetDependency */,
			);
			fileSystemSynchronizedGroups = (
				FB4A164A2CBDB81B00CDDFD6 /* AR_testTests */,
			);
			name = AR_testTests;
			packageProductDependencies = (
			);
			productName = AR_testTests;
			productReference = FB4A16472CBDB81B00CDDFD6 /* AR_testTests.xctest */;
			productType = "com.apple.product-type.bundle.unit-test";
		};
		FB4A16502CBDB81B00CDDFD6 /* AR_testUITests */ = {
			isa = PBXNativeTarget;
			buildConfigurationList = FB4A16612CBDB81B00CDDFD6 /* Build configuration list for PBXNativeTarget "AR_testUITests" */;
			buildPhases = (
				FB4A164D2CBDB81B00CDDFD6 /* Sources */,
				FB4A164E2CBDB81B00CDDFD6 /* Frameworks */,
				FB4A164F2CBDB81B00CDDFD6 /* Resources */,
			);
			buildRules = (
			);
			dependencies = (
				FB4A16532CBDB81B00CDDFD6 /* PBXTargetDependency */,
			);
			fileSystemSynchronizedGroups = (
				FB4A16542CBDB81B00CDDFD6 /* AR_testUITests */,
			);
			name = AR_testUITests;
			packageProductDependencies = (
			);
			productName = AR_testUITests;
			productReference = FB4A16512CBDB81B00CDDFD6 /* AR_testUITests.xctest */;
			productType = "com.apple.product-type.bundle.ui-testing";
		};
/* End PBXNativeTarget section */

/* Begin PBXProject section */
		FB4A162F2CBDB81A00CDDFD6 /* Project object */ = {
			isa = PBXProject;
			attributes = {
				BuildIndependentTargetsInParallel = 1;
				LastSwiftUpdateCheck = 1600;
				LastUpgradeCheck = 1600;
				TargetAttributes = {
					FB4A16362CBDB81A00CDDFD6 = {
						CreatedOnToolsVersion = 16.0;
					};
					FB4A16462CBDB81B00CDDFD6 = {
						CreatedOnToolsVersion = 16.0;
						TestTargetID = FB4A16362CBDB81A00CDDFD6;
					};
					FB4A16502CBDB81B00CDDFD6 = {
						CreatedOnToolsVersion = 16.0;
						TestTargetID = FB4A16362CBDB81A00CDDFD6;
					};
				};
			};
			buildConfigurationList = FB4A16322CBDB81A00CDDFD6 /* Build configuration list for PBXProject "AR_test" */;
			developmentRegion = en;
			hasScannedForEncodings = 0;
			knownRegions = (
				en,
				Base,
			);
			mainGroup = FB4A162E2CBDB81A00CDDFD6;
			minimizedProjectReferenceProxies = 1;
			preferredProjectObjectVersion = 77;
			productRefGroup = FB4A16382CBDB81A00CDDFD6 /* Products */;
			projectDirPath = "";
			projectRoot = "";
			targets = (
				FB4A16362CBDB81A00CDDFD6 /* AR_test */,
				FB4A16462CBDB81B00CDDFD6 /* AR_testTests */,
				FB4A16502CBDB81B00CDDFD6 /* AR_testUITests */,
			);
		};
/* End PBXProject section */

/* Begin PBXResourcesBuildPhase section */
		FB4A16352CBDB81A00CDDFD6 /* Resources */ = {
			isa = PBXResourcesBuildPhase;
			buildActionMask = 2147483647;
			files = (
			);
			runOnlyForDeploymentPostprocessing = 0;
		};
		FB4A16452CBDB81B00CDDFD6 /* Resources */ = {
			isa = PBXResourcesBuildPhase;
			buildActionMask = 2147483647;
			files = (
			);
			runOnlyForDeploymentPostprocessing = 0;
		};
		FB4A164F2CBDB81B00CDDFD6 /* Resources */ = {
			isa = PBXResourcesBuildPhase;
			buildActionMask = 2147483647;
			files = (
			);
			runOnlyForDeploymentPostprocessing = 0;
		};
/* End PBXResourcesBuildPhase section */

/* Begin PBXSourcesBuildPhase section */
		FB4A16332CBDB81A00CDDFD6 /* Sources */ = {
			isa = PBXSourcesBuildPhase;
			buildActionMask = 2147483647;
			files = (
			);
			runOnlyForDeploymentPostprocessing = 0;
		};
		FB4A16432CBDB81B00CDDFD6 /* Sources */ = {
			isa = PBXSourcesBuildPhase;
			buildActionMask = 2147483647;
			files = (
			);
			runOnlyForDeploymentPostprocessing = 0;
		};
		FB4A164D2CBDB81B00CDDFD6 /* Sources */ = {
			isa = PBXSourcesBuildPhase;
			buildActionMask = 2147483647;
			files = (
			);
			runOnlyForDeploymentPostprocessing = 0;
		};
/* End PBXSourcesBuildPhase section */

/* Begin PBXTargetDependency section */
		FB4A16492CBDB81B00CDDFD6 /* PBXTargetDependency */ = {
			isa = PBXTargetDependency;
			target = FB4A16362CBDB81A00CDDFD6 /* AR_test */;
			targetProxy = FB4A16482CBDB81B00CDDFD6 /* PBXContainerItemProxy */;
		};
		FB4A16532CBDB81B00CDDFD6 /* PBXTargetDependency */ = {
			isa = PBXTargetDependency;
			target = FB4A16362CBDB81A00CDDFD6 /* AR_test */;
			targetProxy = FB4A16522CBDB81B00CDDFD6 /* PBXContainerItemProxy */;
		};
/* End PBXTargetDependency section */

/* Begin XCBuildConfiguration section */
		FB4A16592CBDB81B00CDDFD6 /* Debug */ = {
			isa = XCBuildConfiguration;
			buildSettings = {
				ALWAYS_SEARCH_USER_PATHS = NO;
				ASSETCATALOG_COMPILER_GENERATE_SWIFT_ASSET_SYMBOL_EXTENSIONS = YES;
				CLANG_ANALYZER_NONNULL = YES;
				CLANG_ANALYZER_NUMBER_OBJECT_CONVERSION = YES_AGGRESSIVE;
				CLANG_CXX_LANGUAGE_STANDARD = "gnu++20";
				CLANG_ENABLE_MODULES = YES;
				CLANG_ENABLE_OBJC_ARC = YES;
				CLANG_ENABLE_OBJC_WEAK = YES;
				CLANG_WARN_BLOCK_CAPTURE_AUTORELEASING = YES;
				CLANG_WARN_BOOL_CONVERSION = YES;
				CLANG_WARN_COMMA = YES;
				CLANG_WARN_CONSTANT_CONVERSION = YES;
				CLANG_WARN_DEPRECATED_OBJC_IMPLEMENTATIONS = YES;
				CLANG_WARN_DIRECT_OBJC_ISA_USAGE = YES_ERROR;
				CLANG_WARN_DOCUMENTATION_COMMENTS = YES;
				CLANG_WARN_EMPTY_BODY = YES;
				CLANG_WARN_ENUM_CONVERSION = YES;
				CLANG_WARN_INFINITE_RECURSION = YES;
				CLANG_WARN_INT_CONVERSION = YES;
				CLANG_WARN_NON_LITERAL_NULL_CONVERSION = YES;
				CLANG_WARN_OBJC_IMPLICIT_RETAIN_SELF = YES;
				CLANG_WARN_OBJC_LITERAL_CONVERSION = YES;
				CLANG_WARN_OBJC_ROOT_CLASS = YES_ERROR;
				CLANG_WARN_QUOTED_INCLUDE_IN_FRAMEWORK_HEADER = YES;
				CLANG_WARN_RANGE_LOOP_ANALYSIS = YES;
				CLANG_WARN_STRICT_PROTOTYPES = YES;
				CLANG_WARN_SUSPICIOUS_MOVE = YES;
				CLANG_WARN_UNGUARDED_AVAILABILITY = YES_AGGRESSIVE;
				CLANG_WARN_UNREACHABLE_CODE = YES;
				CLANG_WARN__DUPLICATE_METHOD_MATCH = YES;
				COPY_PHASE_STRIP = NO;
				DEBUG_INFORMATION_FORMAT = dwarf;
				ENABLE_STRICT_OBJC_MSGSEND = YES;
				ENABLE_TESTABILITY = YES;
				ENABLE_USER_SCRIPT_SANDBOXING = YES;
				GCC_C_LANGUAGE_STANDARD = gnu17;
				GCC_DYNAMIC_NO_PIC = NO;
				GCC_NO_COMMON_BLOCKS = YES;
				GCC_OPTIMIZATION_LEVEL = 0;
				GCC_PREPROCESSOR_DEFINITIONS = (
					"DEBUG=1",
					"$(inherited)",
				);
				GCC_WARN_64_TO_32_BIT_CONVERSION = YES;
				GCC_WARN_ABOUT_RETURN_TYPE = YES_ERROR;
				GCC_WARN_UNDECLARED_SELECTOR = YES;
				GCC_WARN_UNINITIALIZED_AUTOS = YES_AGGRESSIVE;
				GCC_WARN_UNUSED_FUNCTION = YES;
				GCC_WARN_UNUSED_VARIABLE = YES;
				IPHONEOS_DEPLOYMENT_TARGET = 18.0;
				LOCALIZATION_PREFERS_STRING_CATALOGS = YES;
				MTL_ENABLE_DEBUG_INFO = INCLUDE_SOURCE;
				MTL_FAST_MATH = YES;
				ONLY_ACTIVE_ARCH = YES;
				SDKROOT = iphoneos;
				SWIFT_ACTIVE_COMPILATION_CONDITIONS = "DEBUG $(inherited)";
				SWIFT_OPTIMIZATION_LEVEL = "-Onone";
			};
			name = Debug;
		};
		FB4A165A2CBDB81B00CDDFD6 /* Release */ = {
			isa = XCBuildConfiguration;
			buildSettings = {
				ALWAYS_SEARCH_USER_PATHS = NO;
				ASSETCATALOG_COMPILER_GENERATE_SWIFT_ASSET_SYMBOL_EXTENSIONS = YES;
				CLANG_ANALYZER_NONNULL = YES;
				CLANG_ANALYZER_NUMBER_OBJECT_CONVERSION = YES_AGGRESSIVE;
				CLANG_CXX_LANGUAGE_STANDARD = "gnu++20";
				CLANG_ENABLE_MODULES = YES;
				CLANG_ENABLE_OBJC_ARC = YES;
				CLANG_ENABLE_OBJC_WEAK = YES;
				CLANG_WARN_BLOCK_CAPTURE_AUTORELEASING = YES;
				CLANG_WARN_BOOL_CONVERSION = YES;
				CLANG_WARN_COMMA = YES;
				CLANG_WARN_CONSTANT_CONVERSION = YES;
				CLANG_WARN_DEPRECATED_OBJC_IMPLEMENTATIONS = YES;
				CLANG_WARN_DIRECT_OBJC_ISA_USAGE = YES_ERROR;
				CLANG_WARN_DOCUMENTATION_COMMENTS = YES;
				CLANG_WARN_EMPTY_BODY = YES;
				CLANG_WARN_ENUM_CONVERSION = YES;
				CLANG_WARN_INFINITE_RECURSION = YES;
				CLANG_WARN_INT_CONVERSION = YES;
				CLANG_WARN_NON_LITERAL_NULL_CONVERSION = YES;
				CLANG_WARN_OBJC_IMPLICIT_RETAIN_SELF = YES;
				CLANG_WARN_OBJC_LITERAL_CONVERSION = YES;
				CLANG_WARN_OBJC_ROOT_CLASS = YES_ERROR;
				CLANG_WARN_QUOTED_INCLUDE_IN_FRAMEWORK_HEADER = YES;
				CLANG_WARN_RANGE_LOOP_ANALYSIS = YES;
				CLANG_WARN_STRICT_PROTOTYPES = YES;
				CLANG_WARN_SUSPICIOUS_MOVE = YES;
				CLANG_WARN_UNGUARDED_AVAILABILITY = YES_AGGRESSIVE;
				CLANG_WARN_UNREACHABLE_CODE = YES;
				CLANG_WARN__DUPLICATE_METHOD_MATCH = YES;
				COPY_PHASE_STRIP = NO;
				DEBUG_INFORMATION_FORMAT = "dwarf-with-dsym";
				ENABLE_NS_ASSERTIONS = NO;
				ENABLE_STRICT_OBJC_MSGSEND = YES;
				ENABLE_USER_SCRIPT_SANDBOXING = YES;
				GCC_C_LANGUAGE_STANDARD = gnu17;
				GCC_NO_COMMON_BLOCKS = YES;
				GCC_WARN_64_TO_32_BIT_CONVERSION = YES;
				GCC_WARN_ABOUT_RETURN_TYPE = YES_ERROR;
				GCC_WARN_UNDECLARED_SELECTOR = YES;
				GCC_WARN_UNINITIALIZED_AUTOS = YES_AGGRESSIVE;
				GCC_WARN_UNUSED_FUNCTION = YES;
				GCC_WARN_UNUSED_VARIABLE = YES;
				IPHONEOS_DEPLOYMENT_TARGET = 18.0;
				LOCALIZATION_PREFERS_STRING_CATALOGS = YES;
				MTL_ENABLE_DEBUG_INFO = NO;
				MTL_FAST_MATH = YES;
				SDKROOT = iphoneos;
				SWIFT_COMPILATION_MODE = wholemodule;
				VALIDATE_PRODUCT = YES;
			};
			name = Release;
		};
		FB4A165C2CBDB81B00CDDFD6 /* Debug */ = {
			isa = XCBuildConfiguration;
			buildSettings = {
				ASSETCATALOG_COMPILER_APPICON_NAME = AppIcon;
				ASSETCATALOG_COMPILER_GLOBAL_ACCENT_COLOR_NAME = AccentColor;
				CODE_SIGN_STYLE = Automatic;
				CURRENT_PROJECT_VERSION = 1;
				DEVELOPMENT_ASSET_PATHS = "\"AR_test/Preview Content\"";
				DEVELOPMENT_TEAM = NB6SVB5HCC;
				ENABLE_PREVIEWS = YES;
				GENERATE_INFOPLIST_FILE = YES;
				INFOPLIST_FILE = "AR-test-Info.plist";
				INFOPLIST_KEY_CFBundleDisplayName = "";
				INFOPLIST_KEY_LSApplicationCategoryType = "";
				INFOPLIST_KEY_NSCameraUsageDescription = "This app requires access to the camera for augmented reality.";
				INFOPLIST_KEY_UIApplicationSceneManifest_Generation = YES;
				INFOPLIST_KEY_UIApplicationSupportsIndirectInputEvents = YES;
				INFOPLIST_KEY_UILaunchScreen_Generation = YES;
				INFOPLIST_KEY_UISupportedInterfaceOrientations_iPad = "UIInterfaceOrientationPortrait UIInterfaceOrientationPortraitUpsideDown UIInterfaceOrientationLandscapeLeft UIInterfaceOrientationLandscapeRight";
				INFOPLIST_KEY_UISupportedInterfaceOrientations_iPhone = "UIInterfaceOrientationPortrait UIInterfaceOrientationLandscapeLeft UIInterfaceOrientationLandscapeRight";
				IPHONEOS_DEPLOYMENT_TARGET = 17.0;
				LD_RUNPATH_SEARCH_PATHS = (
					"$(inherited)",
					"@executable_path/Frameworks",
				);
				MARKETING_VERSION = 1.0;
				PRODUCT_BUNDLE_IDENTIFIER = "tec.mx.AR-test";
				PRODUCT_NAME = "$(TARGET_NAME)";
				SWIFT_EMIT_LOC_STRINGS = YES;
				SWIFT_VERSION = 5.0;
				TARGETED_DEVICE_FAMILY = "1,2";
			};
			name = Debug;
		};
		FB4A165D2CBDB81B00CDDFD6 /* Release */ = {
			isa = XCBuildConfiguration;
			buildSettings = {
				ASSETCATALOG_COMPILER_APPICON_NAME = AppIcon;
				ASSETCATALOG_COMPILER_GLOBAL_ACCENT_COLOR_NAME = AccentColor;
				CODE_SIGN_STYLE = Automatic;
				CURRENT_PROJECT_VERSION = 1;
				DEVELOPMENT_ASSET_PATHS = "\"AR_test/Preview Content\"";
				DEVELOPMENT_TEAM = NB6SVB5HCC;
				ENABLE_PREVIEWS = YES;
				GENERATE_INFOPLIST_FILE = YES;
				INFOPLIST_FILE = "AR-test-Info.plist";
				INFOPLIST_KEY_CFBundleDisplayName = "";
				INFOPLIST_KEY_LSApplicationCategoryType = "";
				INFOPLIST_KEY_NSCameraUsageDescription = "This app requires access to the camera for augmented reality.";
				INFOPLIST_KEY_UIApplicationSceneManifest_Generation = YES;
				INFOPLIST_KEY_UIApplicationSupportsIndirectInputEvents = YES;
				INFOPLIST_KEY_UILaunchScreen_Generation = YES;
				INFOPLIST_KEY_UISupportedInterfaceOrientations_iPad = "UIInterfaceOrientationPortrait UIInterfaceOrientationPortraitUpsideDown UIInterfaceOrientationLandscapeLeft UIInterfaceOrientationLandscapeRight";
				INFOPLIST_KEY_UISupportedInterfaceOrientations_iPhone = "UIInterfaceOrientationPortrait UIInterfaceOrientationLandscapeLeft UIInterfaceOrientationLandscapeRight";
				IPHONEOS_DEPLOYMENT_TARGET = 17.0;
				LD_RUNPATH_SEARCH_PATHS = (
					"$(inherited)",
					"@executable_path/Frameworks",
				);
				MARKETING_VERSION = 1.0;
				PRODUCT_BUNDLE_IDENTIFIER = "tec.mx.AR-test";
				PRODUCT_NAME = "$(TARGET_NAME)";
				SWIFT_EMIT_LOC_STRINGS = YES;
				SWIFT_VERSION = 5.0;
				TARGETED_DEVICE_FAMILY = "1,2";
			};
			name = Release;
		};
		FB4A165F2CBDB81B00CDDFD6 /* Debug */ = {
			isa = XCBuildConfiguration;
			buildSettings = {
				BUNDLE_LOADER = "$(TEST_HOST)";
				CODE_SIGN_STYLE = Automatic;
				CURRENT_PROJECT_VERSION = 1;
				GENERATE_INFOPLIST_FILE = YES;
				IPHONEOS_DEPLOYMENT_TARGET = 18.0;
				MARKETING_VERSION = 1.0;
				PRODUCT_BUNDLE_IDENTIFIER = "tec.mx.AR-testTests";
				PRODUCT_NAME = "$(TARGET_NAME)";
				SWIFT_EMIT_LOC_STRINGS = NO;
				SWIFT_VERSION = 5.0;
				TARGETED_DEVICE_FAMILY = "1,2";
				TEST_HOST = "$(BUILT_PRODUCTS_DIR)/AR_test.app/$(BUNDLE_EXECUTABLE_FOLDER_PATH)/AR_test";
			};
			name = Debug;
		};
		FB4A16602CBDB81B00CDDFD6 /* Release */ = {
			isa = XCBuildConfiguration;
			buildSettings = {
				BUNDLE_LOADER = "$(TEST_HOST)";
				CODE_SIGN_STYLE = Automatic;
				CURRENT_PROJECT_VERSION = 1;
				GENERATE_INFOPLIST_FILE = YES;
				IPHONEOS_DEPLOYMENT_TARGET = 18.0;
				MARKETING_VERSION = 1.0;
				PRODUCT_BUNDLE_IDENTIFIER = "tec.mx.AR-testTests";
				PRODUCT_NAME = "$(TARGET_NAME)";
				SWIFT_EMIT_LOC_STRINGS = NO;
				SWIFT_VERSION = 5.0;
				TARGETED_DEVICE_FAMILY = "1,2";
				TEST_HOST = "$(BUILT_PRODUCTS_DIR)/AR_test.app/$(BUNDLE_EXECUTABLE_FOLDER_PATH)/AR_test";
			};
			name = Release;
		};
		FB4A16622CBDB81B00CDDFD6 /* Debug */ = {
			isa = XCBuildConfiguration;
			buildSettings = {
				CODE_SIGN_STYLE = Automatic;
				CURRENT_PROJECT_VERSION = 1;
				GENERATE_INFOPLIST_FILE = YES;
				MARKETING_VERSION = 1.0;
				PRODUCT_BUNDLE_IDENTIFIER = "tec.mx.AR-testUITests";
				PRODUCT_NAME = "$(TARGET_NAME)";
				SWIFT_EMIT_LOC_STRINGS = NO;
				SWIFT_VERSION = 5.0;
				TARGETED_DEVICE_FAMILY = "1,2";
				TEST_TARGET_NAME = AR_test;
			};
			name = Debug;
		};
		FB4A16632CBDB81B00CDDFD6 /* Release */ = {
			isa = XCBuildConfiguration;
			buildSettings = {
				CODE_SIGN_STYLE = Automatic;
				CURRENT_PROJECT_VERSION = 1;
				GENERATE_INFOPLIST_FILE = YES;
				MARKETING_VERSION = 1.0;
				PRODUCT_BUNDLE_IDENTIFIER = "tec.mx.AR-testUITests";
				PRODUCT_NAME = "$(TARGET_NAME)";
				SWIFT_EMIT_LOC_STRINGS = NO;
				SWIFT_VERSION = 5.0;
				TARGETED_DEVICE_FAMILY = "1,2";
				TEST_TARGET_NAME = AR_test;
			};
			name = Release;
		};
/* End XCBuildConfiguration section */

/* Begin XCConfigurationList section */
		FB4A16322CBDB81A00CDDFD6 /* Build configuration list for PBXProject "AR_test" */ = {
			isa = XCConfigurationList;
			buildConfigurations = (
				FB4A16592CBDB81B00CDDFD6 /* Debug */,
				FB4A165A2CBDB81B00CDDFD6 /* Release */,
			);
			defaultConfigurationIsVisible = 0;
			defaultConfigurationName = Release;
		};
		FB4A165B2CBDB81B00CDDFD6 /* Build configuration list for PBXNativeTarget "AR_test" */ = {
			isa = XCConfigurationList;
			buildConfigurations = (
				FB4A165C2CBDB81B00CDDFD6 /* Debug */,
				FB4A165D2CBDB81B00CDDFD6 /* Release */,
			);
			defaultConfigurationIsVisible = 0;
			defaultConfigurationName = Release;
		};
		FB4A165E2CBDB81B00CDDFD6 /* Build configuration list for PBXNativeTarget "AR_testTests" */ = {
			isa = XCConfigurationList;
			buildConfigurations = (
				FB4A165F2CBDB81B00CDDFD6 /* Debug */,
				FB4A16602CBDB81B00CDDFD6 /* Release */,
			);
			defaultConfigurationIsVisible = 0;
			defaultConfigurationName = Release;
		};
		FB4A16612CBDB81B00CDDFD6 /* Build configuration list for PBXNativeTarget "AR_testUITests" */ = {
			isa = XCConfigurationList;
			buildConfigurations = (
				FB4A16622CBDB81B00CDDFD6 /* Debug */,
				FB4A16632CBDB81B00CDDFD6 /* Release */,
			);
			defaultConfigurationIsVisible = 0;
			defaultConfigurationName = Release;
		};
/* End XCConfigurationList section */
	};
	rootObject = FB4A162F2CBDB81A00CDDFD6 /* Project object */;
}
